// !$*UTF8*$!
{
	archiveVersion = 1;
	classes = {
	};
	objectVersion = 46;
	objects = {

/* Begin PBXBuildFile section */
		26C5B5FB1D3FF0F700E38340 /* AppDelegate.swift in Sources */ = {isa = PBXBuildFile; fileRef = 26C5B5FA1D3FF0F700E38340 /* AppDelegate.swift */; };
		26C5B5FD1D3FF0F700E38340 /* ViewController.swift in Sources */ = {isa = PBXBuildFile; fileRef = 26C5B5FC1D3FF0F700E38340 /* ViewController.swift */; };
		26C5B5FF1D3FF0F700E38340 /* Assets.xcassets in Resources */ = {isa = PBXBuildFile; fileRef = 26C5B5FE1D3FF0F700E38340 /* Assets.xcassets */; };
		26C5B6021D3FF0F700E38340 /* Main.storyboard in Resources */ = {isa = PBXBuildFile; fileRef = 26C5B6001D3FF0F700E38340 /* Main.storyboard */; };
		26C5B60A1D404B5000E38340 /* Keyboard.swift in Sources */ = {isa = PBXBuildFile; fileRef = 26C5B6091D404B5000E38340 /* Keyboard.swift */; };
		26C5B60C1D404B6700E38340 /* Miscellaneous.swift in Sources */ = {isa = PBXBuildFile; fileRef = 26C5B60B1D404B6700E38340 /* Miscellaneous.swift */; };
		26C5B6141D41420200E38340 /* KeyEventDelegate.swift in Sources */ = {isa = PBXBuildFile; fileRef = 26C5B6131D41420200E38340 /* KeyEventDelegate.swift */; };
		26C5B6161D4143E600E38340 /* ToontownApplication.swift in Sources */ = {isa = PBXBuildFile; fileRef = 26C5B6151D4143E600E38340 /* ToontownApplication.swift */; };
/* End PBXBuildFile section */

/* Begin PBXFileReference section */
		26C5B5F71D3FF0F700E38340 /* KeyCloner.app */ = {isa = PBXFileReference; explicitFileType = wrapper.application; includeInIndex = 0; path = KeyCloner.app; sourceTree = BUILT_PRODUCTS_DIR; };
		26C5B5FA1D3FF0F700E38340 /* AppDelegate.swift */ = {isa = PBXFileReference; lastKnownFileType = sourcecode.swift; path = AppDelegate.swift; sourceTree = "<group>"; };
		26C5B5FC1D3FF0F700E38340 /* ViewController.swift */ = {isa = PBXFileReference; lastKnownFileType = sourcecode.swift; path = ViewController.swift; sourceTree = "<group>"; };
		26C5B5FE1D3FF0F700E38340 /* Assets.xcassets */ = {isa = PBXFileReference; lastKnownFileType = folder.assetcatalog; path = Assets.xcassets; sourceTree = "<group>"; };
		26C5B6011D3FF0F700E38340 /* Base */ = {isa = PBXFileReference; lastKnownFileType = file.storyboard; name = Base; path = Base.lproj/Main.storyboard; sourceTree = "<group>"; };
		26C5B6031D3FF0F700E38340 /* Info.plist */ = {isa = PBXFileReference; lastKnownFileType = text.plist.xml; path = Info.plist; sourceTree = "<group>"; };
		26C5B6091D404B5000E38340 /* Keyboard.swift */ = {isa = PBXFileReference; fileEncoding = 4; lastKnownFileType = sourcecode.swift; path = Keyboard.swift; sourceTree = "<group>"; };
		26C5B60B1D404B6700E38340 /* Miscellaneous.swift */ = {isa = PBXFileReference; fileEncoding = 4; lastKnownFileType = sourcecode.swift; path = Miscellaneous.swift; sourceTree = "<group>"; };
		26C5B6131D41420200E38340 /* KeyEventDelegate.swift */ = {isa = PBXFileReference; fileEncoding = 4; lastKnownFileType = sourcecode.swift; path = KeyEventDelegate.swift; sourceTree = "<group>"; };
		26C5B6151D4143E600E38340 /* ToontownApplication.swift */ = {isa = PBXFileReference; fileEncoding = 4; lastKnownFileType = sourcecode.swift; path = ToontownApplication.swift; sourceTree = "<group>"; };
/* End PBXFileReference section */

/* Begin PBXFrameworksBuildPhase section */
		26C5B5F41D3FF0F700E38340 /* Frameworks */ = {
			isa = PBXFrameworksBuildPhase;
			buildActionMask = 2147483647;
			files = (
			);
			runOnlyForDeploymentPostprocessing = 0;
		};
/* End PBXFrameworksBuildPhase section */

/* Begin PBXGroup section */
		26C5B5EE1D3FF0F700E38340 = {
			isa = PBXGroup;
			children = (
				26C5B5F91D3FF0F700E38340 /* KeyCloner */,
				26C5B5F81D3FF0F700E38340 /* Products */,
			);
			sourceTree = "<group>";
		};
		26C5B5F81D3FF0F700E38340 /* Products */ = {
			isa = PBXGroup;
			children = (
				26C5B5F71D3FF0F700E38340 /* KeyCloner.app */,
			);
			name = Products;
			sourceTree = "<group>";
		};
		26C5B5F91D3FF0F700E38340 /* KeyCloner */ = {
			isa = PBXGroup;
			children = (
				26C5B5FA1D3FF0F700E38340 /* AppDelegate.swift */,
				26C5B60B1D404B6700E38340 /* Miscellaneous.swift */,
				26C5B5FC1D3FF0F700E38340 /* ViewController.swift */,
				26C5B6151D4143E600E38340 /* ToontownApplication.swift */,
				26C5B6131D41420200E38340 /* KeyEventDelegate.swift */,
				26C5B6091D404B5000E38340 /* Keyboard.swift */,
				26C5B5FE1D3FF0F700E38340 /* Assets.xcassets */,
				26C5B6001D3FF0F700E38340 /* Main.storyboard */,
				26C5B6031D3FF0F700E38340 /* Info.plist */,
			);
			path = KeyCloner;
			sourceTree = "<group>";
		};
/* End PBXGroup section */

/* Begin PBXNativeTarget section */
		26C5B5F61D3FF0F700E38340 /* KeyCloner */ = {
			isa = PBXNativeTarget;
			buildConfigurationList = 26C5B6061D3FF0F700E38340 /* Build configuration list for PBXNativeTarget "KeyCloner" */;
			buildPhases = (
				26C5B5F31D3FF0F700E38340 /* Sources */,
				26C5B5F41D3FF0F700E38340 /* Frameworks */,
				26C5B5F51D3FF0F700E38340 /* Resources */,
			);
			buildRules = (
			);
			dependencies = (
			);
			name = KeyCloner;
			productName = KeyCloner;
			productReference = 26C5B5F71D3FF0F700E38340 /* KeyCloner.app */;
			productType = "com.apple.product-type.application";
		};
/* End PBXNativeTarget section */

/* Begin PBXProject section */
		26C5B5EF1D3FF0F700E38340 /* Project object */ = {
			isa = PBXProject;
			attributes = {
				LastSwiftUpdateCheck = 0730;
				LastUpgradeCheck = 0820;
				ORGANIZATIONNAME = "Jack Erb";
				TargetAttributes = {
					26C5B5F61D3FF0F700E38340 = {
						CreatedOnToolsVersion = 7.3;
						LastSwiftMigration = 0820;
					};
				};
			};
			buildConfigurationList = 26C5B5F21D3FF0F700E38340 /* Build configuration list for PBXProject "KeyCloner" */;
			compatibilityVersion = "Xcode 3.2";
			developmentRegion = English;
			hasScannedForEncodings = 0;
			knownRegions = (
				en,
				Base,
			);
			mainGroup = 26C5B5EE1D3FF0F700E38340;
			productRefGroup = 26C5B5F81D3FF0F700E38340 /* Products */;
			projectDirPath = "";
			projectRoot = "";
			targets = (
				26C5B5F61D3FF0F700E38340 /* KeyCloner */,
			);
		};
/* End PBXProject section */

/* Begin PBXResourcesBuildPhase section */
		26C5B5F51D3FF0F700E38340 /* Resources */ = {
			isa = PBXResourcesBuildPhase;
			buildActionMask = 2147483647;
			files = (
				26C5B5FF1D3FF0F700E38340 /* Assets.xcassets in Resources */,
				26C5B6021D3FF0F700E38340 /* Main.storyboard in Resources */,
			);
			runOnlyForDeploymentPostprocessing = 0;
		};
/* End PBXResourcesBuildPhase section */

/* Begin PBXSourcesBuildPhase section */
		26C5B5F31D3FF0F700E38340 /* Sources */ = {
			isa = PBXSourcesBuildPhase;
			buildActionMask = 2147483647;
			files = (
				26C5B5FD1D3FF0F700E38340 /* ViewController.swift in Sources */,
				26C5B60C1D404B6700E38340 /* Miscellaneous.swift in Sources */,
				26C5B6161D4143E600E38340 /* ToontownApplication.swift in Sources */,
				26C5B60A1D404B5000E38340 /* Keyboard.swift in Sources */,
				26C5B5FB1D3FF0F700E38340 /* AppDelegate.swift in Sources */,
				26C5B6141D41420200E38340 /* KeyEventDelegate.swift in Sources */,
			);
			runOnlyForDeploymentPostprocessing = 0;
		};
/* End PBXSourcesBuildPhase section */

/* Begin PBXVariantGroup section */
		26C5B6001D3FF0F700E38340 /* Main.storyboard */ = {
			isa = PBXVariantGroup;
			children = (
				26C5B6011D3FF0F700E38340 /* Base */,
			);
			name = Main.storyboard;
			sourceTree = "<group>";
		};
/* End PBXVariantGroup section */

/* Begin XCBuildConfiguration section */
		26C5B6041D3FF0F700E38340 /* Debug */ = {
			isa = XCBuildConfiguration;
			buildSettings = {
				ALWAYS_SEARCH_USER_PATHS = NO;
				CLANG_ANALYZER_NONNULL = YES;
				CLANG_CXX_LANGUAGE_STANDARD = "gnu++0x";
				CLANG_CXX_LIBRARY = "libc++";
				CLANG_ENABLE_MODULES = YES;
				CLANG_ENABLE_OBJC_ARC = YES;
				CLANG_WARN_BOOL_CONVERSION = YES;
				CLANG_WARN_CONSTANT_CONVERSION = YES;
				CLANG_WARN_DIRECT_OBJC_ISA_USAGE = YES_ERROR;
				CLANG_WARN_EMPTY_BODY = YES;
				CLANG_WARN_ENUM_CONVERSION = YES;
				CLANG_WARN_INFINITE_RECURSION = YES;
				CLANG_WARN_INT_CONVERSION = YES;
				CLANG_WARN_OBJC_ROOT_CLASS = YES_ERROR;
				CLANG_WARN_SUSPICIOUS_MOVE = YES;
				CLANG_WARN_UNREACHABLE_CODE = YES;
				CLANG_WARN__DUPLICATE_METHOD_MATCH = YES;
				CODE_SIGN_IDENTITY = "-";
				COPY_PHASE_STRIP = NO;
				DEBUG_INFORMATION_FORMAT = dwarf;
				ENABLE_STRICT_OBJC_MSGSEND = YES;
				ENABLE_TESTABILITY = YES;
				GCC_C_LANGUAGE_STANDARD = gnu99;
				GCC_DYNAMIC_NO_PIC = NO;
				GCC_NO_COMMON_BLOCKS = YES;
				GCC_OPTIMIZATION_LEVEL = 0;
				GCC_PREPROCESSOR_DEFINITIONS = (
					"DEBUG=1",
					"$(inherited)",
				);
				GCC_WARN_64_TO_32_BIT_CONVERSION = YES;
				GCC_WARN_ABOUT_RETURN_TYPE = YES_ERROR;
				GCC_WARN_UNDECLARED_SELECTOR = YES;
				GCC_WARN_UNINITIALIZED_AUTOS = YES_AGGRESSIVE;
				GCC_WARN_UNUSED_FUNCTION = YES;
				GCC_WARN_UNUSED_VARIABLE = YES;
				MACOSX_DEPLOYMENT_TARGET = 10.11;
				MTL_ENABLE_DEBUG_INFO = YES;
				ONLY_ACTIVE_ARCH = YES;
				SDKROOT = macosx;
				SWIFT_OPTIMIZATION_LEVEL = "-Onone";
			};
			name = Debug;
		};
		26C5B6051D3FF0F700E38340 /* Release */ = {
			isa = XCBuildConfiguration;
			buildSettings = {
				ALWAYS_SEARCH_USER_PATHS = NO;
				CLANG_ANALYZER_NONNULL = YES;
				CLANG_CXX_LANGUAGE_STANDARD = "gnu++0x";
				CLANG_CXX_LIBRARY = "libc++";
				CLANG_ENABLE_MODULES = YES;
				CLANG_ENABLE_OBJC_ARC = YES;
				CLANG_WARN_BOOL_CONVERSION = YES;
				CLANG_WARN_CONSTANT_CONVERSION = YES;
				CLANG_WARN_DIRECT_OBJC_ISA_USAGE = YES_ERROR;
				CLANG_WARN_EMPTY_BODY = YES;
				CLANG_WARN_ENUM_CONVERSION = YES;
				CLANG_WARN_INFINITE_RECURSION = YES;
				CLANG_WARN_INT_CONVERSION = YES;
				CLANG_WARN_OBJC_ROOT_CLASS = YES_ERROR;
				CLANG_WARN_SUSPICIOUS_MOVE = YES;
				CLANG_WARN_UNREACHABLE_CODE = YES;
				CLANG_WARN__DUPLICATE_METHOD_MATCH = YES;
				CODE_SIGN_IDENTITY = "-";
				COPY_PHASE_STRIP = NO;
				DEBUG_INFORMATION_FORMAT = "dwarf-with-dsym";
				ENABLE_NS_ASSERTIONS = NO;
				ENABLE_STRICT_OBJC_MSGSEND = YES;
				GCC_C_LANGUAGE_STANDARD = gnu99;
				GCC_NO_COMMON_BLOCKS = YES;
				GCC_WARN_64_TO_32_BIT_CONVERSION = YES;
				GCC_WARN_ABOUT_RETURN_TYPE = YES_ERROR;
				GCC_WARN_UNDECLARED_SELECTOR = YES;
				GCC_WARN_UNINITIALIZED_AUTOS = YES_AGGRESSIVE;
				GCC_WARN_UNUSED_FUNCTION = YES;
				GCC_WARN_UNUSED_VARIABLE = YES;
				MACOSX_DEPLOYMENT_TARGET = 10.11;
				MTL_ENABLE_DEBUG_INFO = NO;
				SDKROOT = macosx;
				SWIFT_OPTIMIZATION_LEVEL = "-Owholemodule";
			};
			name = Release;
		};
		26C5B6071D3FF0F700E38340 /* Debug */ = {
			isa = XCBuildConfiguration;
			buildSettings = {
				ASSETCATALOG_COMPILER_APPICON_NAME = AppIcon;
				COMBINE_HIDPI_IMAGES = YES;
				INFOPLIST_FILE = KeyCloner/Info.plist;
				LD_RUNPATH_SEARCH_PATHS = "$(inherited) @executable_path/../Frameworks";
				PRODUCT_BUNDLE_IDENTIFIER = JE.KeyCloner;
				PRODUCT_NAME = "$(TARGET_NAME)";
				SWIFT_VERSION = 3.0;
			};
			name = Debug;
		};
		26C5B6081D3FF0F700E38340 /* Release */ = {
			isa = XCBuildConfiguration;
			buildSettings = {
				ASSETCATALOG_COMPILER_APPICON_NAME = AppIcon;
				COMBINE_HIDPI_IMAGES = YES;
				INFOPLIST_FILE = KeyCloner/Info.plist;
				LD_RUNPATH_SEARCH_PATHS = "$(inherited) @executable_path/../Frameworks";
				PRODUCT_BUNDLE_IDENTIFIER = JE.KeyCloner;
				PRODUCT_NAME = "$(TARGET_NAME)";
				SWIFT_VERSION = 3.0;
			};
			name = Release;
		};
/* End XCBuildConfiguration section */

/* Begin XCConfigurationList section */
		26C5B5F21D3FF0F700E38340 /* Build configuration list for PBXProject "KeyCloner" */ = {
			isa = XCConfigurationList;
			buildConfigurations = (
				26C5B6041D3FF0F700E38340 /* Debug */,
				26C5B6051D3FF0F700E38340 /* Release */,
			);
			defaultConfigurationIsVisible = 0;
			defaultConfigurationName = Release;
		};
		26C5B6061D3FF0F700E38340 /* Build configuration list for PBXNativeTarget "KeyCloner" */ = {
			isa = XCConfigurationList;
			buildConfigurations = (
				26C5B6071D3FF0F700E38340 /* Debug */,
				26C5B6081D3FF0F700E38340 /* Release */,
			);
			defaultConfigurationIsVisible = 0;
			defaultConfigurationName = Release;
		};
/* End XCConfigurationList section */
	};
	rootObject = 26C5B5EF1D3FF0F700E38340 /* Project object */;
}
